{
  "name": "angular-freezeframe",
  "version": "0.0.1",
  "lockfileVersion": 1,
  "requires": true,
  "dependencies": {
    "freezeframe": {
      "version": "5.0.2",
      "resolved": "https://registry.npmjs.org/freezeframe/-/freezeframe-5.0.2.tgz",
      "integrity": "sha512-Lp1ltC2vJGBqxdW5U4Hx+JMW+s9KfTPpxKhSTlpmQxYX5oK66y3GIZo56Jie4XtSOApSbfc8SBcsbZzeTNKfFg==",
      "dev": true
    }
  }
}
